
Microsoft Visual Studio Solution File, Format Version 12.00
# Visual Studio Version 17
VisualStudioVersion = 17.11.35219.272
MinimumVisualStudioVersion = 10.0.40219.1
Project("{9A19103F-16F7-4668-BE54-9A1E7A4F7556}") = "ProyectoManhattan.Server", "ProyectoManhattan.Server\ProyectoManhattan.Server.csproj", "{A4093A3D-6CED-46A5-9905-4C0CFF120A0C}"
EndProject
Project("{9A19103F-16F7-4668-BE54-9A1E7A4F7556}") = "ProyectoManhattan.Client", "ProyectoManhattan.Client\ProyectoManhattan.Client.csproj", "{CA1C8EC7-1BB2-44DE-81ED-5C60DF84D882}"
EndProject
Project("{9A19103F-16F7-4668-BE54-9A1E7A4F7556}") = "ProyectoManhattan.Domain", "ProyectoManhattan.Domain\ProyectoManhattan.Domain.csproj", "{F4EB34B9-D8D1-4312-8079-F2B3057DD4C9}"
EndProject
Project("{9A19103F-16F7-4668-BE54-9A1E7A4F7556}") = "ProyectoManhattan.Application", "ProyectoManhattan.Application\ProyectoManhattan.Application.csproj", "{05C8C3A7-76F5-4B81-B7D1-DCC3E3C77C8D}"
EndProject
Project("{2150E333-8FDC-42A3-9474-1A3956D46DE8}") = "Core", "Core", "{49DE8336-D00E-4642-96B6-51B4F2B81D22}"
EndProject
Project("{9A19103F-16F7-4668-BE54-9A1E7A4F7556}") = "ProyectoManhattan.BlazorComponents", "ProyectoManhattan.BlazorComponents\ProyectoManhattan.BlazorComponents.csproj", "{9924AA49-4FC1-42E8-B348-D2A9AE48B5BB}"
EndProject
Project("{9A19103F-16F7-4668-BE54-9A1E7A4F7556}") = "ProyectoManhattan.Infrastructure", "ProyectoManattan.Infrastructure\ProyectoManhattan.Infrastructure.csproj", "{402F71A2-7C70-40AC-BC38-2469C4CEF651}"
EndProject
Global
	GlobalSection(SolutionConfigurationPlatforms) = preSolution
		Debug|Any CPU = Debug|Any CPU
		Release|Any CPU = Release|Any CPU
	EndGlobalSection
	GlobalSection(ProjectConfigurationPlatforms) = postSolution
		{A4093A3D-6CED-46A5-9905-4C0CFF120A0C}.Debug|Any CPU.ActiveCfg = Debug|Any CPU
		{A4093A3D-6CED-46A5-9905-4C0CFF120A0C}.Debug|Any CPU.Build.0 = Debug|Any CPU
		{A4093A3D-6CED-46A5-9905-4C0CFF120A0C}.Release|Any CPU.ActiveCfg = Release|Any CPU
		{A4093A3D-6CED-46A5-9905-4C0CFF120A0C}.Release|Any CPU.Build.0 = Release|Any CPU
		{CA1C8EC7-1BB2-44DE-81ED-5C60DF84D882}.Debug|Any CPU.ActiveCfg = Debug|Any CPU
		{CA1C8EC7-1BB2-44DE-81ED-5C60DF84D882}.Debug|Any CPU.Build.0 = Debug|Any CPU
		{CA1C8EC7-1BB2-44DE-81ED-5C60DF84D882}.Release|Any CPU.ActiveCfg = Release|Any CPU
		{CA1C8EC7-1BB2-44DE-81ED-5C60DF84D882}.Release|Any CPU.Build.0 = Release|Any CPU
		{F4EB34B9-D8D1-4312-8079-F2B3057DD4C9}.Debug|Any CPU.ActiveCfg = Debug|Any CPU
		{F4EB34B9-D8D1-4312-8079-F2B3057DD4C9}.Debug|Any CPU.Build.0 = Debug|Any CPU
		{F4EB34B9-D8D1-4312-8079-F2B3057DD4C9}.Release|Any CPU.ActiveCfg = Release|Any CPU
		{F4EB34B9-D8D1-4312-8079-F2B3057DD4C9}.Release|Any CPU.Build.0 = Release|Any CPU
		{05C8C3A7-76F5-4B81-B7D1-DCC3E3C77C8D}.Debug|Any CPU.ActiveCfg = Debug|Any CPU
		{05C8C3A7-76F5-4B81-B7D1-DCC3E3C77C8D}.Debug|Any CPU.Build.0 = Debug|Any CPU
		{05C8C3A7-76F5-4B81-B7D1-DCC3E3C77C8D}.Release|Any CPU.ActiveCfg = Release|Any CPU
		{05C8C3A7-76F5-4B81-B7D1-DCC3E3C77C8D}.Release|Any CPU.Build.0 = Release|Any CPU
		{5E66498C-8E5C-46A0-8384-6BCA82F94FC8}.Debug|Any CPU.ActiveCfg = Debug|Any CPU
		{5E66498C-8E5C-46A0-8384-6BCA82F94FC8}.Debug|Any CPU.Build.0 = Debug|Any CPU
		{5E66498C-8E5C-46A0-8384-6BCA82F94FC8}.Debug|Any CPU.Deploy.0 = Debug|Any CPU
		{5E66498C-8E5C-46A0-8384-6BCA82F94FC8}.Release|Any CPU.ActiveCfg = Release|Any CPU
		{5E66498C-8E5C-46A0-8384-6BCA82F94FC8}.Release|Any CPU.Build.0 = Release|Any CPU
		{5E66498C-8E5C-46A0-8384-6BCA82F94FC8}.Release|Any CPU.Deploy.0 = Release|Any CPU
		{9924AA49-4FC1-42E8-B348-D2A9AE48B5BB}.Debug|Any CPU.ActiveCfg = Debug|Any CPU
		{9924AA49-4FC1-42E8-B348-D2A9AE48B5BB}.Debug|Any CPU.Build.0 = Debug|Any CPU
		{9924AA49-4FC1-42E8-B348-D2A9AE48B5BB}.Release|Any CPU.ActiveCfg = Release|Any CPU
		{9924AA49-4FC1-42E8-B348-D2A9AE48B5BB}.Release|Any CPU.Build.0 = Release|Any CPU
		{402F71A2-7C70-40AC-BC38-2469C4CEF651}.Debug|Any CPU.ActiveCfg = Debug|Any CPU
		{402F71A2-7C70-40AC-BC38-2469C4CEF651}.Debug|Any CPU.Build.0 = Debug|Any CPU
		{402F71A2-7C70-40AC-BC38-2469C4CEF651}.Release|Any CPU.ActiveCfg = Release|Any CPU
		{402F71A2-7C70-40AC-BC38-2469C4CEF651}.Release|Any CPU.Build.0 = Release|Any CPU
	EndGlobalSection
	GlobalSection(SolutionProperties) = preSolution
		HideSolutionNode = FALSE
	EndGlobalSection
	GlobalSection(NestedProjects) = preSolution
		{F4EB34B9-D8D1-4312-8079-F2B3057DD4C9} = {49DE8336-D00E-4642-96B6-51B4F2B81D22}
		{05C8C3A7-76F5-4B81-B7D1-DCC3E3C77C8D} = {49DE8336-D00E-4642-96B6-51B4F2B81D22}
	EndGlobalSection
	GlobalSection(ExtensibilityGlobals) = postSolution
		SolutionGuid = {D9019356-9000-4A29-8E7F-5BF9047AA0D5}
	EndGlobalSection
EndGlobal
